{
  "lockfileVersion": 1,
  "configVersion": 1,
  "workspaces": {
    "": {
      "name": "workspace",
      "dependencies": {
        "tailwindcss-animate": "^1.0.7",
      },
      "devDependencies": {
        "prettier": "^3.8.1",
        "typescript": "~5.9.2",
      },
    },
  },
  "packages": {
    "prettier": ["prettier@3.8.3", "https://europe-west1-npm.pkg.dev/lovable-core-prod/sandbox-npm-cache/prettier/-/prettier-3.8.3.tgz", { "bin": { "prettier": "bin/prettier.cjs" } }, "sha512-7igPTM53cGHMW8xWuVTydi2KO233VFiTNyF5hLJqpilHfmn8C8gPf+PS7dUT64YcXFbiMGZxS9pCSxL/Dxm/Jw=="],

    "tailwindcss": ["tailwindcss@4.3.0", "https://europe-west1-npm.pkg.dev/lovable-core-prod/sandbox-npm-cache/tailwindcss/-/tailwindcss-4.3.0.tgz", {}, "sha512-y6nxMGB1nMW9R6k96e5gdIFzcfL/gTJRNaqGes1YvkLnPVXzWgbqFF2yLC0T8G774n24cx3Pe8XrKoniCOAH+Q=="],

    "tailwindcss-animate": ["tailwindcss-animate@1.0.7", "https://europe-west1-npm.pkg.dev/lovable-core-prod/sandbox-npm-cache/tailwindcss-animate/-/tailwindcss-animate-1.0.7.tgz", { "peerDependencies": { "tailwindcss": ">=3.0.0 || insiders" } }, "sha512-bl6mpH3T7I3UFxuvDEXLxy/VuFxBk5bbzplh7tXI68mwMokNYd1t9qPBHlnyTwfa4JGC4zP516I1hYYtQ/vspA=="],

    "typescript": ["typescript@5.9.3", "https://europe-west1-npm.pkg.dev/lovable-core-prod/sandbox-npm-cache/typescript/-/typescript-5.9.3.tgz", { "bin": { "tsc": "bin/tsc", "tsserver": "bin/tsserver" } }, "sha512-jl1vZzPDinLr9eUt3J/t7V6FgNEw9QjvBPdysz9KfQDD41fQrC2Y4vKQdiaUpFT4bXlb1RHhLpp8wtm6M5TgSw=="],
  }
}
